# This file is automatically @generated by Cargo.
# It is not intended for manual editing.
version = 4

[[package]]
name = "gramdrive-engine"
version = "0.1.0"
dependencies = [
 "gramdrive-model",
 "gramdrive-source",
 "gramdrive-state",
]

[[package]]
name = "gramdrive-ffi"
version = "0.1.0"
dependencies = [
 "gramdrive-engine",
 "gramdrive-model",
]

[[package]]
name = "gramdrive-model"
version = "0.1.0"

[[package]]
name = "gramdrive-render"
version = "0.1.0"
dependencies = [
 "gramdrive-model",
]

[[package]]
name = "gramdrive-source"
version = "0.1.0"
dependencies = [
 "gramdrive-model",
]

[[package]]
name = "gramdrive-state"
version = "0.1.0"
dependencies = [
 "gramdrive-model",
]

[[package]]
name = "gramdrive-testkit"
version = "0.1.0"
dependencies = [
 "gramdrive-model",
 "gramdrive-source",
]
